
Microsoft Visual Studio Solution File, Format Version 12.00
# Visual Studio 15
VisualStudioVersion = 15.0.28010.2003
MinimumVisualStudioVersion = 10.0.40219.1
Project("{FAE04EC0-301F-11D3-BF4B-00C04F79EFBC}") = "CongnexProFood", "CongnexProFood\CongnexProFood.csproj", "{BB154ADC-D3E8-4029-90E6-B413AF6C31BE}"
EndProject
Global
	GlobalSection(SolutionConfigurationPlatforms) = preSolution
		Debug|Any CPU = Debug|Any CPU
		Release|Any CPU = Release|Any CPU
	EndGlobalSection
	GlobalSection(ProjectConfigurationPlatforms) = postSolution
		{BB154ADC-D3E8-4029-90E6-B413AF6C31BE}.Debug|Any CPU.ActiveCfg = Debug|Any CPU
		{BB154ADC-D3E8-4029-90E6-B413AF6C31BE}.Debug|Any CPU.Build.0 = Debug|Any CPU
		{BB154ADC-D3E8-4029-90E6-B413AF6C31BE}.Release|Any CPU.ActiveCfg = Release|Any CPU
		{BB154ADC-D3E8-4029-90E6-B413AF6C31BE}.Release|Any CPU.Build.0 = Release|Any CPU
	EndGlobalSection
	GlobalSection(SolutionProperties) = preSolution
		HideSolutionNode = FALSE
	EndGlobalSection
	GlobalSection(ExtensibilityGlobals) = postSolution
		SolutionGuid = {0AB0C9A2-DBC3-4113-B46B-FB62FE411166}
	EndGlobalSection
EndGlobal
